
Microsoft Visual Studio Solution File, Format Version 12.00
# Visual Studio Version 17
VisualStudioVersion = 17.4.33213.308
MinimumVisualStudioVersion = 10.0.40219.1
Project("{FAE04EC0-301F-11D3-BF4B-00C04F79EFBC}") = "3vrspWpf", "3vrspWpf\3vrspWpf.csproj", "{71114AC9-B816-4A14-94D7-100461CA63B8}"
EndProject
Global
	GlobalSection(SolutionConfigurationPlatforms) = preSolution
		Debug|Any CPU = Debug|Any CPU
		Release|Any CPU = Release|Any CPU
	EndGlobalSection
	GlobalSection(ProjectConfigurationPlatforms) = postSolution
		{71114AC9-B816-4A14-94D7-100461CA63B8}.Debug|Any CPU.ActiveCfg = Debug|Any CPU
		{71114AC9-B816-4A14-94D7-100461CA63B8}.Debug|Any CPU.Build.0 = Debug|Any CPU
		{71114AC9-B816-4A14-94D7-100461CA63B8}.Release|Any CPU.ActiveCfg = Release|Any CPU
		{71114AC9-B816-4A14-94D7-100461CA63B8}.Release|Any CPU.Build.0 = Release|Any CPU
	EndGlobalSection
	GlobalSection(SolutionProperties) = preSolution
		HideSolutionNode = FALSE
	EndGlobalSection
	GlobalSection(ExtensibilityGlobals) = postSolution
		SolutionGuid = {B42EA3A1-7C95-49AF-B1A7-B2F7D408DC38}
	EndGlobalSection
EndGlobal
